
Microsoft Visual Studio Solution File, Format Version 12.00
# Visual Studio Version 16
VisualStudioVersion = 16.0.30907.101
MinimumVisualStudioVersion = 10.0.40219.1
Project("{FAE04EC0-301F-11D3-BF4B-00C04F79EFBC}") = "Matematik", "Matematik\Matematik.csproj", "{755E18FA-F2D5-4976-9E98-94F6A986F0D5}"
EndProject
Global
	GlobalSection(SolutionConfigurationPlatforms) = preSolution
		Debug|Any CPU = Debug|Any CPU
		Release|Any CPU = Release|Any CPU
	EndGlobalSection
	GlobalSection(ProjectConfigurationPlatforms) = postSolution
		{755E18FA-F2D5-4976-9E98-94F6A986F0D5}.Debug|Any CPU.ActiveCfg = Debug|Any CPU
		{755E18FA-F2D5-4976-9E98-94F6A986F0D5}.Debug|Any CPU.Build.0 = Debug|Any CPU
		{755E18FA-F2D5-4976-9E98-94F6A986F0D5}.Release|Any CPU.ActiveCfg = Release|Any CPU
		{755E18FA-F2D5-4976-9E98-94F6A986F0D5}.Release|Any CPU.Build.0 = Release|Any CPU
	EndGlobalSection
	GlobalSection(SolutionProperties) = preSolution
		HideSolutionNode = FALSE
	EndGlobalSection
	GlobalSection(ExtensibilityGlobals) = postSolution
		SolutionGuid = {F2787C8F-8BE3-4A22-96D8-81793738C104}
	EndGlobalSection
EndGlobal
